
Microsoft Visual Studio Solution File, Format Version 12.00
# Visual Studio 15
VisualStudioVersion = 15.0.28307.1022
MinimumVisualStudioVersion = 10.0.40219.1
Project("{FAE04EC0-301F-11D3-BF4B-00C04F79EFBC}") = "PizzaAbstractShopView", "PizzaAbstractShopView\PizzaAbstractShopView.csproj", "{498F9383-7966-4B7C-B744-EEC4A270923F}"
EndProject
Project("{9A19103F-16F7-4668-BE54-9A1E7A4F7556}") = "PizzaShopBusinessLogic", "PizzaShopBusinessLogic\PizzaShopBusinessLogic.csproj", "{38EA7AFC-DE3F-4781-9F27-BB767451D397}"
EndProject
Project("{9A19103F-16F7-4668-BE54-9A1E7A4F7556}") = "PizzaShopListImplement", "PizzaShopListImplement\PizzaShopListImplement.csproj", "{C772DEBE-45C4-44C8-AF76-BD65A0FAB865}"
EndProject
Project("{9A19103F-16F7-4668-BE54-9A1E7A4F7556}") = "PizzaShopFileImplement", "PizzaShopFileImplement\PizzaShopFileImplement.csproj", "{9A490AA9-E1EF-40D6-A2A8-64B3A8C1B542}"
EndProject
Project("{9A19103F-16F7-4668-BE54-9A1E7A4F7556}") = "PizzaShopDatabaseImplement", "AbstractPizzaShopDatabaseImplement\PizzaShopDatabaseImplement.csproj", "{C757DAF1-68C3-40FB-8FFC-12645FD4D2FE}"
EndProject
Global
	GlobalSection(SolutionConfigurationPlatforms) = preSolution
		Debug|Any CPU = Debug|Any CPU
		Release|Any CPU = Release|Any CPU
	EndGlobalSection
	GlobalSection(ProjectConfigurationPlatforms) = postSolution
		{498F9383-7966-4B7C-B744-EEC4A270923F}.Debug|Any CPU.ActiveCfg = Debug|Any CPU
		{498F9383-7966-4B7C-B744-EEC4A270923F}.Debug|Any CPU.Build.0 = Debug|Any CPU
		{498F9383-7966-4B7C-B744-EEC4A270923F}.Release|Any CPU.ActiveCfg = Release|Any CPU
		{498F9383-7966-4B7C-B744-EEC4A270923F}.Release|Any CPU.Build.0 = Release|Any CPU
		{38EA7AFC-DE3F-4781-9F27-BB767451D397}.Debug|Any CPU.ActiveCfg = Debug|Any CPU
		{38EA7AFC-DE3F-4781-9F27-BB767451D397}.Debug|Any CPU.Build.0 = Debug|Any CPU
		{38EA7AFC-DE3F-4781-9F27-BB767451D397}.Release|Any CPU.ActiveCfg = Release|Any CPU
		{38EA7AFC-DE3F-4781-9F27-BB767451D397}.Release|Any CPU.Build.0 = Release|Any CPU
		{C772DEBE-45C4-44C8-AF76-BD65A0FAB865}.Debug|Any CPU.ActiveCfg = Debug|Any CPU
		{C772DEBE-45C4-44C8-AF76-BD65A0FAB865}.Debug|Any CPU.Build.0 = Debug|Any CPU
		{C772DEBE-45C4-44C8-AF76-BD65A0FAB865}.Release|Any CPU.ActiveCfg = Release|Any CPU
		{C772DEBE-45C4-44C8-AF76-BD65A0FAB865}.Release|Any CPU.Build.0 = Release|Any CPU
		{9A490AA9-E1EF-40D6-A2A8-64B3A8C1B542}.Debug|Any CPU.ActiveCfg = Debug|Any CPU
		{9A490AA9-E1EF-40D6-A2A8-64B3A8C1B542}.Debug|Any CPU.Build.0 = Debug|Any CPU
		{9A490AA9-E1EF-40D6-A2A8-64B3A8C1B542}.Release|Any CPU.ActiveCfg = Release|Any CPU
		{9A490AA9-E1EF-40D6-A2A8-64B3A8C1B542}.Release|Any CPU.Build.0 = Release|Any CPU
		{C757DAF1-68C3-40FB-8FFC-12645FD4D2FE}.Debug|Any CPU.ActiveCfg = Debug|Any CPU
		{C757DAF1-68C3-40FB-8FFC-12645FD4D2FE}.Debug|Any CPU.Build.0 = Debug|Any CPU
		{C757DAF1-68C3-40FB-8FFC-12645FD4D2FE}.Release|Any CPU.ActiveCfg = Release|Any CPU
		{C757DAF1-68C3-40FB-8FFC-12645FD4D2FE}.Release|Any CPU.Build.0 = Release|Any CPU
	EndGlobalSection
	GlobalSection(SolutionProperties) = preSolution
		HideSolutionNode = FALSE
	EndGlobalSection
	GlobalSection(ExtensibilityGlobals) = postSolution
		SolutionGuid = {D3C5043B-A834-4B32-BB04-9DEA7464A057}
	EndGlobalSection
EndGlobal
